
Microsoft Visual Studio Solution File, Format Version 12.00
# Visual Studio 2012
Project("{8BC9CEB8-8B4A-11D0-8D11-00A0C91BC942}") = "Lexer", "Lexer\Lexer.vcxproj", "{1DC448E2-3E9C-4882-8588-9A4F772E624B}"
EndProject
Project("{8BC9CEB8-8B4A-11D0-8D11-00A0C91BC942}") = "Test", "Test\Test.vcxproj", "{37184610-8F42-4815-AA6B-AFA68AB8384A}"
EndProject
Global
	GlobalSection(SolutionConfigurationPlatforms) = preSolution
		Debug|Win32 = Debug|Win32
		Release|Win32 = Release|Win32
	EndGlobalSection
	GlobalSection(ProjectConfigurationPlatforms) = postSolution
		{1DC448E2-3E9C-4882-8588-9A4F772E624B}.Debug|Win32.ActiveCfg = Debug|Win32
		{1DC448E2-3E9C-4882-8588-9A4F772E624B}.Debug|Win32.Build.0 = Debug|Win32
		{1DC448E2-3E9C-4882-8588-9A4F772E624B}.Release|Win32.ActiveCfg = Release|Win32
		{1DC448E2-3E9C-4882-8588-9A4F772E624B}.Release|Win32.Build.0 = Release|Win32
		{37184610-8F42-4815-AA6B-AFA68AB8384A}.Debug|Win32.ActiveCfg = Debug|Win32
		{37184610-8F42-4815-AA6B-AFA68AB8384A}.Debug|Win32.Build.0 = Debug|Win32
		{37184610-8F42-4815-AA6B-AFA68AB8384A}.Release|Win32.ActiveCfg = Release|Win32
		{37184610-8F42-4815-AA6B-AFA68AB8384A}.Release|Win32.Build.0 = Release|Win32
	EndGlobalSection
	GlobalSection(SolutionProperties) = preSolution
		HideSolutionNode = FALSE
	EndGlobalSection
EndGlobal
